
Microsoft Visual Studio Solution File, Format Version 12.00
# Visual Studio 15
VisualStudioVersion = 15.0.28307.779
MinimumVisualStudioVersion = 10.0.40219.1
Project("{FAE04EC0-301F-11D3-BF4B-00C04F79EFBC}") = "Repositorio", "Repos\Repositorio.csproj", "{E864595B-23C9-4D06-941D-22D11113469E}"
EndProject
Project("{FAE04EC0-301F-11D3-BF4B-00C04F79EFBC}") = "Dominio", "Dominios\Dominio.csproj", "{9F5B0067-4176-4573-A74A-7678430E4217}"
EndProject
Project("{FAE04EC0-301F-11D3-BF4B-00C04F79EFBC}") = "ClienteMVC", "ClienteMVC\ClienteMVC.csproj", "{1FB8F096-9B24-4432-B08A-4FF8150032B9}"
	ProjectSection(ProjectDependencies) = postProject
		{C080CDA8-C780-4063-9248-BDEAB96AD55D} = {C080CDA8-C780-4063-9248-BDEAB96AD55D}
	EndProjectSection
EndProject
Project("{FAE04EC0-301F-11D3-BF4B-00C04F79EFBC}") = "ServicioWCF", "ServicioWCF\ServicioWCF.csproj", "{C080CDA8-C780-4063-9248-BDEAB96AD55D}"
EndProject
Global
	GlobalSection(SolutionConfigurationPlatforms) = preSolution
		Debug|Any CPU = Debug|Any CPU
		Release|Any CPU = Release|Any CPU
	EndGlobalSection
	GlobalSection(ProjectConfigurationPlatforms) = postSolution
		{E864595B-23C9-4D06-941D-22D11113469E}.Debug|Any CPU.ActiveCfg = Debug|Any CPU
		{E864595B-23C9-4D06-941D-22D11113469E}.Debug|Any CPU.Build.0 = Debug|Any CPU
		{E864595B-23C9-4D06-941D-22D11113469E}.Release|Any CPU.ActiveCfg = Release|Any CPU
		{E864595B-23C9-4D06-941D-22D11113469E}.Release|Any CPU.Build.0 = Release|Any CPU
		{9F5B0067-4176-4573-A74A-7678430E4217}.Debug|Any CPU.ActiveCfg = Debug|Any CPU
		{9F5B0067-4176-4573-A74A-7678430E4217}.Debug|Any CPU.Build.0 = Debug|Any CPU
		{9F5B0067-4176-4573-A74A-7678430E4217}.Release|Any CPU.ActiveCfg = Release|Any CPU
		{9F5B0067-4176-4573-A74A-7678430E4217}.Release|Any CPU.Build.0 = Release|Any CPU
		{1FB8F096-9B24-4432-B08A-4FF8150032B9}.Debug|Any CPU.ActiveCfg = Debug|Any CPU
		{1FB8F096-9B24-4432-B08A-4FF8150032B9}.Debug|Any CPU.Build.0 = Debug|Any CPU
		{1FB8F096-9B24-4432-B08A-4FF8150032B9}.Release|Any CPU.ActiveCfg = Release|Any CPU
		{1FB8F096-9B24-4432-B08A-4FF8150032B9}.Release|Any CPU.Build.0 = Release|Any CPU
		{C080CDA8-C780-4063-9248-BDEAB96AD55D}.Debug|Any CPU.ActiveCfg = Debug|Any CPU
		{C080CDA8-C780-4063-9248-BDEAB96AD55D}.Debug|Any CPU.Build.0 = Debug|Any CPU
		{C080CDA8-C780-4063-9248-BDEAB96AD55D}.Release|Any CPU.ActiveCfg = Release|Any CPU
		{C080CDA8-C780-4063-9248-BDEAB96AD55D}.Release|Any CPU.Build.0 = Release|Any CPU
	EndGlobalSection
	GlobalSection(SolutionProperties) = preSolution
		HideSolutionNode = FALSE
	EndGlobalSection
	GlobalSection(ExtensibilityGlobals) = postSolution
		SolutionGuid = {A82899D9-AE63-48AA-BFDB-4CCAF74826EE}
	EndGlobalSection
EndGlobal
